
Microsoft Visual Studio Solution File, Format Version 12.00
# Visual Studio Version 17
VisualStudioVersion = 17.0.31903.59
MinimumVisualStudioVersion = 10.0.40219.1
Project("{FAE04EC0-301F-11D3-BF4B-00C04F79EFBC}") = "TodoApi", "TodoApi\TodoApi.csproj", "{92B91DB7-DDDB-4DDA-969B-D22222FB797F}"
EndProject
Global
	GlobalSection(SolutionConfigurationPlatforms) = preSolution
		Debug|Any CPU = Debug|Any CPU
		Release|Any CPU = Release|Any CPU
	EndGlobalSection
	GlobalSection(ProjectConfigurationPlatforms) = postSolution
		{92B91DB7-DDDB-4DDA-969B-D22222FB797F}.Debug|Any CPU.ActiveCfg = Debug|Any CPU
		{92B91DB7-DDDB-4DDA-969B-D22222FB797F}.Debug|Any CPU.Build.0 = Debug|Any CPU
		{92B91DB7-DDDB-4DDA-969B-D22222FB797F}.Release|Any CPU.ActiveCfg = Release|Any CPU
		{92B91DB7-DDDB-4DDA-969B-D22222FB797F}.Release|Any CPU.Build.0 = Release|Any CPU
	EndGlobalSection
	GlobalSection(SolutionProperties) = preSolution
		HideSolutionNode = FALSE
	EndGlobalSection
	GlobalSection(ExtensibilityGlobals) = postSolution
		SolutionGuid = {30E0A650-8867-4DAD-B92F-7118BA54F8AE}
	EndGlobalSection
EndGlobal
