
Microsoft Visual Studio Solution File, Format Version 12.00
# Visual Studio Version 17
VisualStudioVersion = 17.0.31903.59
MinimumVisualStudioVersion = 10.0.40219.1
Project("{9A19103F-16F7-4668-BE54-9A1E7A4F7556}") = "IteratorPattern", "IteratorPattern\IteratorPattern.csproj", "{38E8C2FA-6772-40F4-9EBD-5AC1A4B312ED}"
EndProject
Project("{9A19103F-16F7-4668-BE54-9A1E7A4F7556}") = "VillainsGeneric", "..\VillainsGeneric\VillainsGeneric.csproj", "{38741A59-62CF-480D-8A53-F4E70BE1B696}"
EndProject
Project("{9A19103F-16F7-4668-BE54-9A1E7A4F7556}") = "BatmanVillains", "..\BatmanVillains\BatmanVillains.csproj", "{DBC9E86A-26EE-40F0-861B-3FA85B208DED}"
EndProject
Global
	GlobalSection(SolutionConfigurationPlatforms) = preSolution
		Debug|Any CPU = Debug|Any CPU
		Release|Any CPU = Release|Any CPU
	EndGlobalSection
	GlobalSection(ProjectConfigurationPlatforms) = postSolution
		{38E8C2FA-6772-40F4-9EBD-5AC1A4B312ED}.Debug|Any CPU.ActiveCfg = Debug|Any CPU
		{38E8C2FA-6772-40F4-9EBD-5AC1A4B312ED}.Debug|Any CPU.Build.0 = Debug|Any CPU
		{38E8C2FA-6772-40F4-9EBD-5AC1A4B312ED}.Release|Any CPU.ActiveCfg = Release|Any CPU
		{38E8C2FA-6772-40F4-9EBD-5AC1A4B312ED}.Release|Any CPU.Build.0 = Release|Any CPU
		{38741A59-62CF-480D-8A53-F4E70BE1B696}.Debug|Any CPU.ActiveCfg = Debug|Any CPU
		{38741A59-62CF-480D-8A53-F4E70BE1B696}.Debug|Any CPU.Build.0 = Debug|Any CPU
		{38741A59-62CF-480D-8A53-F4E70BE1B696}.Release|Any CPU.ActiveCfg = Release|Any CPU
		{38741A59-62CF-480D-8A53-F4E70BE1B696}.Release|Any CPU.Build.0 = Release|Any CPU
		{DBC9E86A-26EE-40F0-861B-3FA85B208DED}.Debug|Any CPU.ActiveCfg = Debug|Any CPU
		{DBC9E86A-26EE-40F0-861B-3FA85B208DED}.Debug|Any CPU.Build.0 = Debug|Any CPU
		{DBC9E86A-26EE-40F0-861B-3FA85B208DED}.Release|Any CPU.ActiveCfg = Release|Any CPU
		{DBC9E86A-26EE-40F0-861B-3FA85B208DED}.Release|Any CPU.Build.0 = Release|Any CPU
	EndGlobalSection
	GlobalSection(SolutionProperties) = preSolution
		HideSolutionNode = FALSE
	EndGlobalSection
	GlobalSection(ExtensibilityGlobals) = postSolution
		SolutionGuid = {1EBC7D10-4DE1-4970-9DD6-8940A1224E4C}
	EndGlobalSection
EndGlobal
