
Microsoft Visual Studio Solution File, Format Version 12.00
# Visual Studio Version 16
VisualStudioVersion = 16.0.29306.81
MinimumVisualStudioVersion = 10.0.40219.1
Project("{FAE04EC0-301F-11D3-BF4B-00C04F79EFBC}") = "projectcrudresume", "projectcrudresume\projectcrudresume.csproj", "{1ACFEE99-4CC2-494A-95AB-8613086ACD23}"
EndProject
Project("{FAE04EC0-301F-11D3-BF4B-00C04F79EFBC}") = "projectcrudresumeunittests", "projectcrudresumeunittests\projectcrudresumeunittests.csproj", "{895141B6-4C67-4B50-A26A-41159BDF07FA}"
EndProject
Global
	GlobalSection(SolutionConfigurationPlatforms) = preSolution
		Debug|Any CPU = Debug|Any CPU
		Release|Any CPU = Release|Any CPU
	EndGlobalSection
	GlobalSection(ProjectConfigurationPlatforms) = postSolution
		{1ACFEE99-4CC2-494A-95AB-8613086ACD23}.Debug|Any CPU.ActiveCfg = Debug|Any CPU
		{1ACFEE99-4CC2-494A-95AB-8613086ACD23}.Debug|Any CPU.Build.0 = Debug|Any CPU
		{1ACFEE99-4CC2-494A-95AB-8613086ACD23}.Release|Any CPU.ActiveCfg = Release|Any CPU
		{1ACFEE99-4CC2-494A-95AB-8613086ACD23}.Release|Any CPU.Build.0 = Release|Any CPU
		{895141B6-4C67-4B50-A26A-41159BDF07FA}.Debug|Any CPU.ActiveCfg = Debug|Any CPU
		{895141B6-4C67-4B50-A26A-41159BDF07FA}.Debug|Any CPU.Build.0 = Debug|Any CPU
		{895141B6-4C67-4B50-A26A-41159BDF07FA}.Release|Any CPU.ActiveCfg = Release|Any CPU
		{895141B6-4C67-4B50-A26A-41159BDF07FA}.Release|Any CPU.Build.0 = Release|Any CPU
	EndGlobalSection
	GlobalSection(SolutionProperties) = preSolution
		HideSolutionNode = FALSE
	EndGlobalSection
	GlobalSection(ExtensibilityGlobals) = postSolution
		SolutionGuid = {8E2D4F40-0D7A-452D-9292-D44198F41C70}
	EndGlobalSection
EndGlobal
