
Microsoft Visual Studio Solution File, Format Version 12.00
# Visual Studio Version 17
VisualStudioVersion = 17.11.35222.181
MinimumVisualStudioVersion = 10.0.40219.1
Project("{9A19103F-16F7-4668-BE54-9A1E7A4F7556}") = "Solid", "Solid.csproj", "{4389D02E-4063-444D-BAEF-1FAC019BE12D}"
EndProject
Global
	GlobalSection(SolutionConfigurationPlatforms) = preSolution
		Debug|Any CPU = Debug|Any CPU
		Release|Any CPU = Release|Any CPU
	EndGlobalSection
	GlobalSection(ProjectConfigurationPlatforms) = postSolution
		{4389D02E-4063-444D-BAEF-1FAC019BE12D}.Debug|Any CPU.ActiveCfg = Debug|Any CPU
		{4389D02E-4063-444D-BAEF-1FAC019BE12D}.Debug|Any CPU.Build.0 = Debug|Any CPU
		{4389D02E-4063-444D-BAEF-1FAC019BE12D}.Release|Any CPU.ActiveCfg = Release|Any CPU
		{4389D02E-4063-444D-BAEF-1FAC019BE12D}.Release|Any CPU.Build.0 = Release|Any CPU
	EndGlobalSection
	GlobalSection(SolutionProperties) = preSolution
		HideSolutionNode = FALSE
	EndGlobalSection
	GlobalSection(ExtensibilityGlobals) = postSolution
		SolutionGuid = {52410963-8BBB-4AE4-BF8E-0DC766C240C3}
	EndGlobalSection
EndGlobal
