
Microsoft Visual Studio Solution File, Format Version 12.00
# Visual Studio Version 17
VisualStudioVersion = 17.11.35222.181
MinimumVisualStudioVersion = 10.0.40219.1
Project("{FAE04EC0-301F-11D3-BF4B-00C04F79EFBC}") = "LoggingWithEFCoreSQLite", "LoggingWithEFCoreSQLite\LoggingWithEFCoreSQLite.csproj", "{75031F4D-8627-45ED-891E-6A17AFAA1E7D}"
EndProject
Global
	GlobalSection(SolutionConfigurationPlatforms) = preSolution
		Debug|Any CPU = Debug|Any CPU
		Release|Any CPU = Release|Any CPU
	EndGlobalSection
	GlobalSection(ProjectConfigurationPlatforms) = postSolution
		{75031F4D-8627-45ED-891E-6A17AFAA1E7D}.Debug|Any CPU.ActiveCfg = Debug|Any CPU
		{75031F4D-8627-45ED-891E-6A17AFAA1E7D}.Debug|Any CPU.Build.0 = Debug|Any CPU
		{75031F4D-8627-45ED-891E-6A17AFAA1E7D}.Release|Any CPU.ActiveCfg = Release|Any CPU
		{75031F4D-8627-45ED-891E-6A17AFAA1E7D}.Release|Any CPU.Build.0 = Release|Any CPU
	EndGlobalSection
	GlobalSection(SolutionProperties) = preSolution
		HideSolutionNode = FALSE
	EndGlobalSection
	GlobalSection(ExtensibilityGlobals) = postSolution
		SolutionGuid = {F8976767-5A0D-4A90-978E-7D75849CB959}
	EndGlobalSection
EndGlobal
