Microsoft Visual Studio Solution File, Format Version 12.00
# Visual Studio Version 17
VisualStudioVersion = 17.13.35919.96
MinimumVisualStudioVersion = 10.0.40219.1
Project("{FAE04EC0-301F-11D3-BF4B-00C04F79EFBC}") = "DesignPatterns", "DesignPatterns\DesignPatterns.csproj", "{1C1E8AA3-5D8A-4D40-BB05-9DA9D7432306}"
EndProject
Global
	GlobalSection(SolutionConfigurationPlatforms) = preSolution
		Debug|Any CPU = Debug|Any CPU
		Release|Any CPU = Release|Any CPU
	EndGlobalSection
	GlobalSection(ProjectConfigurationPlatforms) = postSolution
		{1C1E8AA3-5D8A-4D40-BB05-9DA9D7432306}.Debug|Any CPU.ActiveCfg = Debug|Any CPU
		{1C1E8AA3-5D8A-4D40-BB05-9DA9D7432306}.Debug|Any CPU.Build.0 = Debug|Any CPU
		{1C1E8AA3-5D8A-4D40-BB05-9DA9D7432306}.Release|Any CPU.ActiveCfg = Release|Any CPU
		{1C1E8AA3-5D8A-4D40-BB05-9DA9D7432306}.Release|Any CPU.Build.0 = Release|Any CPU
	EndGlobalSection
	GlobalSection(SolutionProperties) = preSolution
		HideSolutionNode = FALSE
	EndGlobalSection
	GlobalSection(ExtensibilityGlobals) = postSolution
		SolutionGuid = {5965A89F-7B78-4752-B02E-AAD0AFDDDD0F}
	EndGlobalSection
EndGlobal
