
Microsoft Visual Studio Solution File, Format Version 12.00
# Visual Studio Version 17
VisualStudioVersion = 17.11.35222.181
MinimumVisualStudioVersion = 10.0.40219.1
Project("{9A19103F-16F7-4668-BE54-9A1E7A4F7556}") = "AzFunctionHWJan282025", "AzFunctionHWJan282025.csproj", "{987D8970-E2D5-4B1B-AA98-A58173AA1B03}"
EndProject
Global
	GlobalSection(SolutionConfigurationPlatforms) = preSolution
		Debug|Any CPU = Debug|Any CPU
		Release|Any CPU = Release|Any CPU
	EndGlobalSection
	GlobalSection(ProjectConfigurationPlatforms) = postSolution
		{987D8970-E2D5-4B1B-AA98-A58173AA1B03}.Debug|Any CPU.ActiveCfg = Debug|Any CPU
		{987D8970-E2D5-4B1B-AA98-A58173AA1B03}.Debug|Any CPU.Build.0 = Debug|Any CPU
		{987D8970-E2D5-4B1B-AA98-A58173AA1B03}.Release|Any CPU.ActiveCfg = Release|Any CPU
		{987D8970-E2D5-4B1B-AA98-A58173AA1B03}.Release|Any CPU.Build.0 = Release|Any CPU
	EndGlobalSection
	GlobalSection(SolutionProperties) = preSolution
		HideSolutionNode = FALSE
	EndGlobalSection
	GlobalSection(ExtensibilityGlobals) = postSolution
		SolutionGuid = {57E51C8D-8590-4D1D-BFFE-03856587A741}
	EndGlobalSection
EndGlobal
