
Microsoft Visual Studio Solution File, Format Version 12.00
# Visual Studio Version 16
VisualStudioVersion = 16.0.30717.126
MinimumVisualStudioVersion = 10.0.40219.1
Project("{FAE04EC0-301F-11D3-BF4B-00C04F79EFBC}") = "WebSocketDemo", "WebSocketDemo\WebSocketDemo.csproj", "{0E6057F1-11BA-4600-9E9F-177946871A53}"
EndProject
Global
	GlobalSection(SolutionConfigurationPlatforms) = preSolution
		Debug|Any CPU = Debug|Any CPU
		Release|Any CPU = Release|Any CPU
	EndGlobalSection
	GlobalSection(ProjectConfigurationPlatforms) = postSolution
		{0E6057F1-11BA-4600-9E9F-177946871A53}.Debug|Any CPU.ActiveCfg = Debug|Any CPU
		{0E6057F1-11BA-4600-9E9F-177946871A53}.Debug|Any CPU.Build.0 = Debug|Any CPU
		{0E6057F1-11BA-4600-9E9F-177946871A53}.Release|Any CPU.ActiveCfg = Release|Any CPU
		{0E6057F1-11BA-4600-9E9F-177946871A53}.Release|Any CPU.Build.0 = Release|Any CPU
	EndGlobalSection
	GlobalSection(SolutionProperties) = preSolution
		HideSolutionNode = FALSE
	EndGlobalSection
	GlobalSection(ExtensibilityGlobals) = postSolution
		SolutionGuid = {8197CC33-20C0-4BFB-9DB3-8454D15E5E53}
	EndGlobalSection
EndGlobal
