
Microsoft Visual Studio Solution File, Format Version 12.00
# Visual Studio Version 17
VisualStudioVersion = 17.11.35222.181
MinimumVisualStudioVersion = 10.0.40219.1
Project("{FAE04EC0-301F-11D3-BF4B-00C04F79EFBC}") = "DebuggingHelloWorld", "DebuggingHelloWorld\DebuggingHelloWorld.csproj", "{7096E3DF-762E-4B51-A3C0-65ECDB635606}"
EndProject
Global
	GlobalSection(SolutionConfigurationPlatforms) = preSolution
		Debug|Any CPU = Debug|Any CPU
		Release|Any CPU = Release|Any CPU
	EndGlobalSection
	GlobalSection(ProjectConfigurationPlatforms) = postSolution
		{7096E3DF-762E-4B51-A3C0-65ECDB635606}.Debug|Any CPU.ActiveCfg = Debug|Any CPU
		{7096E3DF-762E-4B51-A3C0-65ECDB635606}.Debug|Any CPU.Build.0 = Debug|Any CPU
		{7096E3DF-762E-4B51-A3C0-65ECDB635606}.Release|Any CPU.ActiveCfg = Release|Any CPU
		{7096E3DF-762E-4B51-A3C0-65ECDB635606}.Release|Any CPU.Build.0 = Release|Any CPU
	EndGlobalSection
	GlobalSection(SolutionProperties) = preSolution
		HideSolutionNode = FALSE
	EndGlobalSection
	GlobalSection(ExtensibilityGlobals) = postSolution
		SolutionGuid = {0557AC9B-A9EC-4968-AA66-1B1DF825C96C}
	EndGlobalSection
EndGlobal
