
Microsoft Visual Studio Solution File, Format Version 12.00
# Visual Studio Version 16
VisualStudioVersion = 16.0.31515.178
MinimumVisualStudioVersion = 10.0.40219.1
Project("{9A19103F-16F7-4668-BE54-9A1E7A4F7556}") = "EFSQLiteDemo", "EFSQLiteDemo.csproj", "{FD748903-BD0C-4688-A4BB-D4B360F49781}"
EndProject
Project("{FAE04EC0-301F-11D3-BF4B-00C04F79EFBC}") = "EFSQLiteUnitTests", "EFSQLiteUnitTests\EFSQLiteUnitTests.csproj", "{E4A23DC4-382D-4A5E-BE9A-56334FD9CD00}"
EndProject
Global
	GlobalSection(SolutionConfigurationPlatforms) = preSolution
		Debug|Any CPU = Debug|Any CPU
		Release|Any CPU = Release|Any CPU
	EndGlobalSection
	GlobalSection(ProjectConfigurationPlatforms) = postSolution
		{FD748903-BD0C-4688-A4BB-D4B360F49781}.Debug|Any CPU.ActiveCfg = Debug|Any CPU
		{FD748903-BD0C-4688-A4BB-D4B360F49781}.Debug|Any CPU.Build.0 = Debug|Any CPU
		{FD748903-BD0C-4688-A4BB-D4B360F49781}.Release|Any CPU.ActiveCfg = Release|Any CPU
		{FD748903-BD0C-4688-A4BB-D4B360F49781}.Release|Any CPU.Build.0 = Release|Any CPU
		{E4A23DC4-382D-4A5E-BE9A-56334FD9CD00}.Debug|Any CPU.ActiveCfg = Debug|Any CPU
		{E4A23DC4-382D-4A5E-BE9A-56334FD9CD00}.Debug|Any CPU.Build.0 = Debug|Any CPU
		{E4A23DC4-382D-4A5E-BE9A-56334FD9CD00}.Release|Any CPU.ActiveCfg = Release|Any CPU
		{E4A23DC4-382D-4A5E-BE9A-56334FD9CD00}.Release|Any CPU.Build.0 = Release|Any CPU
	EndGlobalSection
	GlobalSection(SolutionProperties) = preSolution
		HideSolutionNode = FALSE
	EndGlobalSection
	GlobalSection(ExtensibilityGlobals) = postSolution
		SolutionGuid = {BAA402D8-8EBD-44A5-BC62-FEF813EEB2C5}
	EndGlobalSection
EndGlobal
