
Microsoft Visual Studio Solution File, Format Version 12.00
# Visual Studio Version 17
VisualStudioVersion = 17.0.31903.59
MinimumVisualStudioVersion = 10.0.40219.1
Project("{FAE04EC0-301F-11D3-BF4B-00C04F79EFBC}") = "DotNet6APIEFCoreSQLite", "DotNet6APIEFCoreSQLite\DotNet6APIEFCoreSQLite.csproj", "{CA300601-BFA5-4E03-861F-865535C033AD}"
EndProject
Global
	GlobalSection(SolutionConfigurationPlatforms) = preSolution
		Debug|Any CPU = Debug|Any CPU
		Release|Any CPU = Release|Any CPU
	EndGlobalSection
	GlobalSection(ProjectConfigurationPlatforms) = postSolution
		{CA300601-BFA5-4E03-861F-865535C033AD}.Debug|Any CPU.ActiveCfg = Debug|Any CPU
		{CA300601-BFA5-4E03-861F-865535C033AD}.Debug|Any CPU.Build.0 = Debug|Any CPU
		{CA300601-BFA5-4E03-861F-865535C033AD}.Release|Any CPU.ActiveCfg = Release|Any CPU
		{CA300601-BFA5-4E03-861F-865535C033AD}.Release|Any CPU.Build.0 = Release|Any CPU
	EndGlobalSection
	GlobalSection(SolutionProperties) = preSolution
		HideSolutionNode = FALSE
	EndGlobalSection
	GlobalSection(ExtensibilityGlobals) = postSolution
		SolutionGuid = {11EF8587-95E8-4942-8D05-4C1EEB8A2581}
	EndGlobalSection
EndGlobal
