
Microsoft Visual Studio Solution File, Format Version 12.00
# Visual Studio Version 17
VisualStudioVersion = 17.9.34728.123
MinimumVisualStudioVersion = 10.0.40219.1
Project("{9A19103F-16F7-4668-BE54-9A1E7A4F7556}") = "Mango.Web", "..\Mango.Web\Mango.Web.csproj", "{0D579579-7A0D-4A0E-8354-DA921C896072}"
EndProject
Project("{9A19103F-16F7-4668-BE54-9A1E7A4F7556}") = "Mango.Services.CouponAPI", "..\Mango.Services.CouponAPI\Mango.Services.CouponAPI.csproj", "{FAA4288F-8FF9-419A-B08D-44150361F6EA}"
EndProject
Project("{9A19103F-16F7-4668-BE54-9A1E7A4F7556}") = "Mango.Services.AuthAPI", "..\Mango.Services.AuthAPI\Mango.Services.AuthAPI.csproj", "{C1EACA96-11DE-4D15-AA77-269596D8D00C}"
EndProject
Global
	GlobalSection(SolutionConfigurationPlatforms) = preSolution
		Debug|Any CPU = Debug|Any CPU
		Release|Any CPU = Release|Any CPU
	EndGlobalSection
	GlobalSection(ProjectConfigurationPlatforms) = postSolution
		{0D579579-7A0D-4A0E-8354-DA921C896072}.Debug|Any CPU.ActiveCfg = Debug|Any CPU
		{0D579579-7A0D-4A0E-8354-DA921C896072}.Debug|Any CPU.Build.0 = Debug|Any CPU
		{0D579579-7A0D-4A0E-8354-DA921C896072}.Release|Any CPU.ActiveCfg = Release|Any CPU
		{0D579579-7A0D-4A0E-8354-DA921C896072}.Release|Any CPU.Build.0 = Release|Any CPU
		{FAA4288F-8FF9-419A-B08D-44150361F6EA}.Debug|Any CPU.ActiveCfg = Debug|Any CPU
		{FAA4288F-8FF9-419A-B08D-44150361F6EA}.Debug|Any CPU.Build.0 = Debug|Any CPU
		{FAA4288F-8FF9-419A-B08D-44150361F6EA}.Release|Any CPU.ActiveCfg = Release|Any CPU
		{FAA4288F-8FF9-419A-B08D-44150361F6EA}.Release|Any CPU.Build.0 = Release|Any CPU
		{C1EACA96-11DE-4D15-AA77-269596D8D00C}.Debug|Any CPU.ActiveCfg = Debug|Any CPU
		{C1EACA96-11DE-4D15-AA77-269596D8D00C}.Debug|Any CPU.Build.0 = Debug|Any CPU
		{C1EACA96-11DE-4D15-AA77-269596D8D00C}.Release|Any CPU.ActiveCfg = Release|Any CPU
		{C1EACA96-11DE-4D15-AA77-269596D8D00C}.Release|Any CPU.Build.0 = Release|Any CPU
	EndGlobalSection
	GlobalSection(SolutionProperties) = preSolution
		HideSolutionNode = FALSE
	EndGlobalSection
	GlobalSection(ExtensibilityGlobals) = postSolution
		SolutionGuid = {82A7EED0-FBDF-4741-8387-2D4CD307B8FD}
	EndGlobalSection
EndGlobal
