
Microsoft Visual Studio Solution File, Format Version 12.00
# Visual Studio Version 17
VisualStudioVersion = 17.0.31903.59
MinimumVisualStudioVersion = 10.0.40219.1
Project("{FAE04EC0-301F-11D3-BF4B-00C04F79EFBC}") = "AdapterPattern", "AdapterPattern\AdapterPattern.csproj", "{44F04AD8-3475-4A4B-A974-57BA396F039A}"
EndProject
Project("{9A19103F-16F7-4668-BE54-9A1E7A4F7556}") = "BatmanVillains", "..\BatmanVillains\BatmanVillains.csproj", "{2C3323C0-B7DF-4946-878A-47E9792CFCEA}"
EndProject
Project("{FAE04EC0-301F-11D3-BF4B-00C04F79EFBC}") = "SupermanVillains", "..\SupermanVillains\SupermanVillains.csproj", "{1DA6BA05-32F3-47B6-900D-13AA206D4262}"
EndProject
Project("{FAE04EC0-301F-11D3-BF4B-00C04F79EFBC}") = "VillainsGeneric", "..\VillainsGeneric\VillainsGeneric.csproj", "{6A350F6C-5D6B-4314-BFED-9CDAA688749B}"
EndProject
Project("{FAE04EC0-301F-11D3-BF4B-00C04F79EFBC}") = "Batman", "..\Batman\Batman.csproj", "{88532003-8816-4BCE-860A-130ADD2BBE97}"
EndProject
Project("{FAE04EC0-301F-11D3-BF4B-00C04F79EFBC}") = "Superman", "..\Superman\Superman.csproj", "{7CCAE8FD-76C0-4782-B2DC-C48C7568AE7C}"
EndProject
Project("{FAE04EC0-301F-11D3-BF4B-00C04F79EFBC}") = "HeroesGeneric", "..\HeroesGeneric\HeroesGeneric.csproj", "{9FB07359-0391-4B2B-B935-460C446A44EC}"
EndProject
Global
	GlobalSection(SolutionConfigurationPlatforms) = preSolution
		Debug|Any CPU = Debug|Any CPU
		Release|Any CPU = Release|Any CPU
	EndGlobalSection
	GlobalSection(ProjectConfigurationPlatforms) = postSolution
		{44F04AD8-3475-4A4B-A974-57BA396F039A}.Debug|Any CPU.ActiveCfg = Debug|Any CPU
		{44F04AD8-3475-4A4B-A974-57BA396F039A}.Debug|Any CPU.Build.0 = Debug|Any CPU
		{44F04AD8-3475-4A4B-A974-57BA396F039A}.Release|Any CPU.ActiveCfg = Release|Any CPU
		{44F04AD8-3475-4A4B-A974-57BA396F039A}.Release|Any CPU.Build.0 = Release|Any CPU
		{2C3323C0-B7DF-4946-878A-47E9792CFCEA}.Debug|Any CPU.ActiveCfg = Debug|Any CPU
		{2C3323C0-B7DF-4946-878A-47E9792CFCEA}.Debug|Any CPU.Build.0 = Debug|Any CPU
		{2C3323C0-B7DF-4946-878A-47E9792CFCEA}.Release|Any CPU.ActiveCfg = Release|Any CPU
		{2C3323C0-B7DF-4946-878A-47E9792CFCEA}.Release|Any CPU.Build.0 = Release|Any CPU
		{1DA6BA05-32F3-47B6-900D-13AA206D4262}.Debug|Any CPU.ActiveCfg = Debug|Any CPU
		{1DA6BA05-32F3-47B6-900D-13AA206D4262}.Debug|Any CPU.Build.0 = Debug|Any CPU
		{1DA6BA05-32F3-47B6-900D-13AA206D4262}.Release|Any CPU.ActiveCfg = Release|Any CPU
		{1DA6BA05-32F3-47B6-900D-13AA206D4262}.Release|Any CPU.Build.0 = Release|Any CPU
		{6A350F6C-5D6B-4314-BFED-9CDAA688749B}.Debug|Any CPU.ActiveCfg = Debug|Any CPU
		{6A350F6C-5D6B-4314-BFED-9CDAA688749B}.Debug|Any CPU.Build.0 = Debug|Any CPU
		{6A350F6C-5D6B-4314-BFED-9CDAA688749B}.Release|Any CPU.ActiveCfg = Release|Any CPU
		{6A350F6C-5D6B-4314-BFED-9CDAA688749B}.Release|Any CPU.Build.0 = Release|Any CPU
		{88532003-8816-4BCE-860A-130ADD2BBE97}.Debug|Any CPU.ActiveCfg = Debug|Any CPU
		{88532003-8816-4BCE-860A-130ADD2BBE97}.Debug|Any CPU.Build.0 = Debug|Any CPU
		{88532003-8816-4BCE-860A-130ADD2BBE97}.Release|Any CPU.ActiveCfg = Release|Any CPU
		{88532003-8816-4BCE-860A-130ADD2BBE97}.Release|Any CPU.Build.0 = Release|Any CPU
		{7CCAE8FD-76C0-4782-B2DC-C48C7568AE7C}.Debug|Any CPU.ActiveCfg = Debug|Any CPU
		{7CCAE8FD-76C0-4782-B2DC-C48C7568AE7C}.Debug|Any CPU.Build.0 = Debug|Any CPU
		{7CCAE8FD-76C0-4782-B2DC-C48C7568AE7C}.Release|Any CPU.ActiveCfg = Release|Any CPU
		{7CCAE8FD-76C0-4782-B2DC-C48C7568AE7C}.Release|Any CPU.Build.0 = Release|Any CPU
		{9FB07359-0391-4B2B-B935-460C446A44EC}.Debug|Any CPU.ActiveCfg = Debug|Any CPU
		{9FB07359-0391-4B2B-B935-460C446A44EC}.Debug|Any CPU.Build.0 = Debug|Any CPU
		{9FB07359-0391-4B2B-B935-460C446A44EC}.Release|Any CPU.ActiveCfg = Release|Any CPU
		{9FB07359-0391-4B2B-B935-460C446A44EC}.Release|Any CPU.Build.0 = Release|Any CPU
	EndGlobalSection
	GlobalSection(SolutionProperties) = preSolution
		HideSolutionNode = FALSE
	EndGlobalSection
	GlobalSection(ExtensibilityGlobals) = postSolution
		SolutionGuid = {0F220584-58F4-4E96-B719-ECA2BB04DA5B}
	EndGlobalSection
EndGlobal
